
Microsoft Visual Studio Solution File, Format Version 12.00
# Visual Studio Version 16
VisualStudioVersion = 16.0.30406.217
MinimumVisualStudioVersion = 10.0.40219.1
Project("{FAE04EC0-301F-11D3-BF4B-00C04F79EFBC}") = "GeneralStoreAPI", "GeneralStoreAPI\GeneralStoreAPI.csproj", "{5D0693C6-D2E2-4A93-B6FC-D6556D09F798}"
EndProject
Global
	GlobalSection(SolutionConfigurationPlatforms) = preSolution
		Debug|Any CPU = Debug|Any CPU
		Release|Any CPU = Release|Any CPU
	EndGlobalSection
	GlobalSection(ProjectConfigurationPlatforms) = postSolution
		{5D0693C6-D2E2-4A93-B6FC-D6556D09F798}.Debug|Any CPU.ActiveCfg = Debug|Any CPU
		{5D0693C6-D2E2-4A93-B6FC-D6556D09F798}.Debug|Any CPU.Build.0 = Debug|Any CPU
		{5D0693C6-D2E2-4A93-B6FC-D6556D09F798}.Release|Any CPU.ActiveCfg = Release|Any CPU
		{5D0693C6-D2E2-4A93-B6FC-D6556D09F798}.Release|Any CPU.Build.0 = Release|Any CPU
	EndGlobalSection
	GlobalSection(SolutionProperties) = preSolution
		HideSolutionNode = FALSE
	EndGlobalSection
	GlobalSection(ExtensibilityGlobals) = postSolution
		SolutionGuid = {CCC5BBA7-46A6-40F3-862B-472BC11362F6}
	EndGlobalSection
EndGlobal
